lockfileVersion: '9.0'

settings:
  autoInstallPeers: true
  excludeLinksFromLockfile: false

importers:

  .:
    dependencies:
      chrono-node:
        specifier: ^2.9.1
        version: 2.9.1
      luxon:
        specifier: ^3.7.2
        version: 3.7.2

packages:

  chrono-node@2.9.1:
    resolution: {integrity: sha512-nqP8Zp11efCYQIESXPxeDM8ikzN5BDb3Zzou+a66fZq+X2hzKFdsNLQE2/uBAh//BZEMbaMo1eTnagK7hOenAg==}
    engines: {node: ^12.20.0 || ^14.13.1 || >=16.0.0}

  luxon@3.7.2:
    resolution: {integrity: sha512-vtEhXh/gNjI9Yg1u4jX/0YVPMvxzHuGgCm6tC5kZyb08yjGWGnqAjGJvcXbqQR2P3MyMEFnRbpcdFS6PBcLqew==}
    engines: {node: '>=12'}

snapshots:

  chrono-node@2.9.1: {}

  luxon@3.7.2: {}
